
Microsoft Visual Studio Solution File, Format Version 12.00
# Visual Studio Version 16
VisualStudioVersion = 16.0.32106.194
MinimumVisualStudioVersion = 10.0.40219.1
Project("{FAE04EC0-301F-11D3-BF4B-00C04F79EFBC}") = "overlays-plus", "overlays-plus\overlays-plus.csproj", "{651C2711-2EDF-4E28-AFBE-918B66D060AC}"
EndProject
Global
	GlobalSection(SolutionConfigurationPlatforms) = preSolution
		Debug|Any CPU = Debug|Any CPU
		Release|Any CPU = Release|Any CPU
	EndGlobalSection
	GlobalSection(ProjectConfigurationPlatforms) = postSolution
		{651C2711-2EDF-4E28-AFBE-918B66D060AC}.Debug|Any CPU.ActiveCfg = Debug|Any CPU
		{651C2711-2EDF-4E28-AFBE-918B66D060AC}.Debug|Any CPU.Build.0 = Debug|Any CPU
		{651C2711-2EDF-4E28-AFBE-918B66D060AC}.Release|Any CPU.ActiveCfg = Release|Any CPU
		{651C2711-2EDF-4E28-AFBE-918B66D060AC}.Release|Any CPU.Build.0 = Release|Any CPU
	EndGlobalSection
	GlobalSection(SolutionProperties) = preSolution
		HideSolutionNode = FALSE
	EndGlobalSection
	GlobalSection(ExtensibilityGlobals) = postSolution
		SolutionGuid = {522E13F6-B266-46BF-B6FF-54C4E80D4219}
	EndGlobalSection
EndGlobal
